
Microsoft Visual Studio Solution File, Format Version 12.00
# Visual Studio Version 17
VisualStudioVersion = 17.3.32901.215
MinimumVisualStudioVersion = 10.0.40219.1
Project("{FAE04EC0-301F-11D3-BF4B-00C04F79EFBC}") = "heh_poteha", "heh_poteha\heh_poteha.csproj", "{847AE472-7CEA-4389-BCB1-FB3F366F7A17}"
EndProject
Global
	GlobalSection(SolutionConfigurationPlatforms) = preSolution
		Debug|Any CPU = Debug|Any CPU
		Release|Any CPU = Release|Any CPU
	EndGlobalSection
	GlobalSection(ProjectConfigurationPlatforms) = postSolution
		{847AE472-7CEA-4389-BCB1-FB3F366F7A17}.Debug|Any CPU.ActiveCfg = Debug|Any CPU
		{847AE472-7CEA-4389-BCB1-FB3F366F7A17}.Debug|Any CPU.Build.0 = Debug|Any CPU
		{847AE472-7CEA-4389-BCB1-FB3F366F7A17}.Release|Any CPU.ActiveCfg = Release|Any CPU
		{847AE472-7CEA-4389-BCB1-FB3F366F7A17}.Release|Any CPU.Build.0 = Release|Any CPU
	EndGlobalSection
	GlobalSection(SolutionProperties) = preSolution
		HideSolutionNode = FALSE
	EndGlobalSection
	GlobalSection(ExtensibilityGlobals) = postSolution
		SolutionGuid = {C2409AAD-DD84-42F4-8406-E2C9808FF4FE}
	EndGlobalSection
EndGlobal
